
Microsoft Visual Studio Solution File, Format Version 12.00
# Visual Studio Version 17
VisualStudioVersion = 17.7.34024.191
MinimumVisualStudioVersion = 10.0.40219.1
Project("{9A19103F-16F7-4668-BE54-9A1E7A4F7556}") = "CatWebApp", "CatWebApp\CatWebApp.csproj", "{F9A0BEC2-5484-4FF2-9710-7ECCFE4CE40D}"
EndProject
Global
	GlobalSection(SolutionConfigurationPlatforms) = preSolution
		Debug|Any CPU = Debug|Any CPU
		Release|Any CPU = Release|Any CPU
	EndGlobalSection
	GlobalSection(ProjectConfigurationPlatforms) = postSolution
		{F9A0BEC2-5484-4FF2-9710-7ECCFE4CE40D}.Debug|Any CPU.ActiveCfg = Debug|Any CPU
		{F9A0BEC2-5484-4FF2-9710-7ECCFE4CE40D}.Debug|Any CPU.Build.0 = Debug|Any CPU
		{F9A0BEC2-5484-4FF2-9710-7ECCFE4CE40D}.Release|Any CPU.ActiveCfg = Release|Any CPU
		{F9A0BEC2-5484-4FF2-9710-7ECCFE4CE40D}.Release|Any CPU.Build.0 = Release|Any CPU
	EndGlobalSection
	GlobalSection(SolutionProperties) = preSolution
		HideSolutionNode = FALSE
	EndGlobalSection
	GlobalSection(ExtensibilityGlobals) = postSolution
		SolutionGuid = {E787EF50-978F-4CDE-BB44-D378568EE8B5}
	EndGlobalSection
EndGlobal
